
Microsoft Visual Studio Solution File, Format Version 12.00
# Visual Studio 14
VisualStudioVersion = 14.0.25123.0
MinimumVisualStudioVersion = 10.0.40219.1
Project("{FAE04EC0-301F-11D3-BF4B-00C04F79EFBC}") = "Mapper", "Mapper\Mapper.csproj", "{3EA96AE9-E485-48EC-AD40-CAC5B1A8B8E2}"
EndProject
Project("{FAE04EC0-301F-11D3-BF4B-00C04F79EFBC}") = "Mapper.UnitTests", "Mapper.UnitTests\Mapper.UnitTests.csproj", "{AD2B32F7-7DF4-4B7F-9115-BDB6ACA20EB1}"
EndProject
Project("{2150E333-8FDC-42A3-9474-1A3956D46DE8}") = "Solution Items", "Solution Items", "{09E1E16A-03B8-421F-AEB7-BB64F8A83D7A}"
	ProjectSection(SolutionItems) = preProject
		LICENSE.txt = LICENSE.txt
		README.md = README.md
	EndProjectSection
EndProject
Project("{FAE04EC0-301F-11D3-BF4B-00C04F79EFBC}") = "Mapper.CodeGen", "Mapper.CodeGen\Mapper.CodeGen.csproj", "{918A2A4B-C2FB-43F0-9439-BB2473F425E0}"
EndProject
Global
	GlobalSection(SolutionConfigurationPlatforms) = preSolution
		Debug|Any CPU = Debug|Any CPU
		Release|Any CPU = Release|Any CPU
	EndGlobalSection
	GlobalSection(ProjectConfigurationPlatforms) = postSolution
		{3EA96AE9-E485-48EC-AD40-CAC5B1A8B8E2}.Debug|Any CPU.ActiveCfg = Debug|Any CPU
		{3EA96AE9-E485-48EC-AD40-CAC5B1A8B8E2}.Debug|Any CPU.Build.0 = Debug|Any CPU
		{3EA96AE9-E485-48EC-AD40-CAC5B1A8B8E2}.Release|Any CPU.ActiveCfg = Release|Any CPU
		{3EA96AE9-E485-48EC-AD40-CAC5B1A8B8E2}.Release|Any CPU.Build.0 = Release|Any CPU
		{AD2B32F7-7DF4-4B7F-9115-BDB6ACA20EB1}.Debug|Any CPU.ActiveCfg = Debug|Any CPU
		{AD2B32F7-7DF4-4B7F-9115-BDB6ACA20EB1}.Debug|Any CPU.Build.0 = Debug|Any CPU
		{AD2B32F7-7DF4-4B7F-9115-BDB6ACA20EB1}.Release|Any CPU.ActiveCfg = Release|Any CPU
		{AD2B32F7-7DF4-4B7F-9115-BDB6ACA20EB1}.Release|Any CPU.Build.0 = Release|Any CPU
		{918A2A4B-C2FB-43F0-9439-BB2473F425E0}.Debug|Any CPU.ActiveCfg = Debug|Any CPU
		{918A2A4B-C2FB-43F0-9439-BB2473F425E0}.Debug|Any CPU.Build.0 = Debug|Any CPU
		{918A2A4B-C2FB-43F0-9439-BB2473F425E0}.Release|Any CPU.ActiveCfg = Release|Any CPU
		{918A2A4B-C2FB-43F0-9439-BB2473F425E0}.Release|Any CPU.Build.0 = Release|Any CPU
	EndGlobalSection
	GlobalSection(SolutionProperties) = preSolution
		HideSolutionNode = FALSE
	EndGlobalSection
EndGlobal
